// !$*UTF8*$!
{
	archiveVersion = 1;
	classes = {
	};
	objectVersion = 46;
	objects = {

/* Begin PBXBuildFile section */
		1628DCED1B2E6CB7005E0841 /* User.swift in Sources */ = {isa = PBXBuildFile; fileRef = 605FBBBA1B2E4BD7002E7A75 /* User.swift */; };
		1628DCEF1B2E73D4005E0841 /* CreateEventAddUsersViewController.swift in Sources */ = {isa = PBXBuildFile; fileRef = 1628DCEE1B2E73D4005E0841 /* CreateEventAddUsersViewController.swift */; };
		1628DCF11B2E7B15005E0841 /* AddUsersAddedUserCell.swift in Sources */ = {isa = PBXBuildFile; fileRef = 1628DCF01B2E7B15005E0841 /* AddUsersAddedUserCell.swift */; };
		1628DCF51B30BE89005E0841 /* EventManager.swift in Sources */ = {isa = PBXBuildFile; fileRef = 1628DCF41B30BE89005E0841 /* EventManager.swift */; };
		1628DCFB1B31F86B005E0841 /* CustomLoginViewController.swift in Sources */ = {isa = PBXBuildFile; fileRef = 1628DCFA1B31F86B005E0841 /* CustomLoginViewController.swift */; };
		1628DCFD1B31F87E005E0841 /* CustomSignUpViewController.swift in Sources */ = {isa = PBXBuildFile; fileRef = 1628DCFC1B31F87E005E0841 /* CustomSignUpViewController.swift */; };
		1628DCFF1B321477005E0841 /* CustomLandingViewController.swift in Sources */ = {isa = PBXBuildFile; fileRef = 1628DCFE1B321477005E0841 /* CustomLandingViewController.swift */; };
		16354F401B2E4F4F003D2A2B /* CreateEventViewController.swift in Sources */ = {isa = PBXBuildFile; fileRef = 16354F3F1B2E4F4F003D2A2B /* CreateEventViewController.swift */; };
		16354F431B2E6613003D2A2B /* Main.storyboard in Resources */ = {isa = PBXBuildFile; fileRef = 16354F411B2E6613003D2A2B /* Main.storyboard */; };
		163692071B38D9FB006606A2 /* ExploreViewController.swift in Sources */ = {isa = PBXBuildFile; fileRef = 163692061B38D9FB006606A2 /* ExploreViewController.swift */; };
		163692091B39DDBA006606A2 /* SinglePhotoViewController.swift in Sources */ = {isa = PBXBuildFile; fileRef = 163692081B39DDBA006606A2 /* SinglePhotoViewController.swift */; };
		1636920B1B3A6772006606A2 /* Utils.swift in Sources */ = {isa = PBXBuildFile; fileRef = 1636920A1B3A6772006606A2 /* Utils.swift */; };
		1636920D1B3A913B006606A2 /* FutureEventCell.swift in Sources */ = {isa = PBXBuildFile; fileRef = 1636920C1B3A913B006606A2 /* FutureEventCell.swift */; };
		1649D9E01B3865CC00EEA0DD /* FirstIntroView.xib in Resources */ = {isa = PBXBuildFile; fileRef = 1649D9DF1B3865CC00EEA0DD /* FirstIntroView.xib */; };
		1649D9E21B38661C00EEA0DD /* FirstIntroView.swift in Sources */ = {isa = PBXBuildFile; fileRef = 1649D9E11B38661C00EEA0DD /* FirstIntroView.swift */; };
		1649D9E41B386D9B00EEA0DD /* SecondIntroView.swift in Sources */ = {isa = PBXBuildFile; fileRef = 1649D9E31B386D9B00EEA0DD /* SecondIntroView.swift */; };
		1649D9E61B386DB000EEA0DD /* ThirdIntroView.swift in Sources */ = {isa = PBXBuildFile; fileRef = 1649D9E51B386DB000EEA0DD /* ThirdIntroView.swift */; };
		1649D9E81B386DC300EEA0DD /* SecondIntroView.xib in Resources */ = {isa = PBXBuildFile; fileRef = 1649D9E71B386DC300EEA0DD /* SecondIntroView.xib */; };
		1649D9EA1B386DCE00EEA0DD /* ThirdIntroView.xib in Resources */ = {isa = PBXBuildFile; fileRef = 1649D9E91B386DCE00EEA0DD /* ThirdIntroView.xib */; };
		16689F0D1B517E000052AE84 /* SettingsGeneralCell.swift in Sources */ = {isa = PBXBuildFile; fileRef = 16689F0C1B517E000052AE84 /* SettingsGeneralCell.swift */; };
		16689F0F1B5183A90052AE84 /* SettingsLogOutCell.swift in Sources */ = {isa = PBXBuildFile; fileRef = 16689F0E1B5183A90052AE84 /* SettingsLogOutCell.swift */; };
		1683557A1B34DED400264F6B /* PushManager.swift in Sources */ = {isa = PBXBuildFile; fileRef = 168355791B34DED400264F6B /* PushManager.swift */; };
		1683557C1B35EEC000264F6B /* NoAlbumsCell.swift in Sources */ = {isa = PBXBuildFile; fileRef = 1683557B1B35EEC000264F6B /* NoAlbumsCell.swift */; };
		1683557E1B35F56A00264F6B /* NoAlbumsCell.xib in Resources */ = {isa = PBXBuildFile; fileRef = 1683557D1B35F56A00264F6B /* NoAlbumsCell.xib */; };
		1684BBFA1B334F4500CBCDC1 /* AlbumGeneralViewCell.swift in Sources */ = {isa = PBXBuildFile; fileRef = 1684BBF91B334F4500CBCDC1 /* AlbumGeneralViewCell.swift */; };
		1684BBFC1B3351CC00CBCDC1 /* AlbumGeneralViewController.swift in Sources */ = {isa = PBXBuildFile; fileRef = 1684BBFB1B3351CC00CBCDC1 /* AlbumGeneralViewController.swift */; };
		1684BBFF1B3391F400CBCDC1 /* Appearance.swift in Sources */ = {isa = PBXBuildFile; fileRef = 1684BBFE1B3391F400CBCDC1 /* Appearance.swift */; };
		1684BC011B33B88D00CBCDC1 /* IntroViewController.swift in Sources */ = {isa = PBXBuildFile; fileRef = 1684BC001B33B88D00CBCDC1 /* IntroViewController.swift */; };
		169C9A041B4B0A8A00F3CBC4 /* AddEventPrivacyCell.swift in Sources */ = {isa = PBXBuildFile; fileRef = 169C9A031B4B0A8A00F3CBC4 /* AddEventPrivacyCell.swift */; };
		169C9A061B4B0AB100F3CBC4 /* AddEventLocationCell.swift in Sources */ = {isa = PBXBuildFile; fileRef = 169C9A051B4B0AB100F3CBC4 /* AddEventLocationCell.swift */; };
		169C9A081B4B103700F3CBC4 /* CreateEventAddLocationViewController.swift in Sources */ = {isa = PBXBuildFile; fileRef = 169C9A071B4B103700F3CBC4 /* CreateEventAddLocationViewController.swift */; };
		16B286A71B371EAE00F540AF /* EventCreatedView.xib in Resources */ = {isa = PBXBuildFile; fileRef = 16B286A61B371EAE00F540AF /* EventCreatedView.xib */; };
		16B286A91B371F2900F540AF /* EventCreatedView.swift in Sources */ = {isa = PBXBuildFile; fileRef = 16B286A81B371F2900F540AF /* EventCreatedView.swift */; };
		16D3AA321B2E475A00934948 /* AddEventPhotoCell.swift in Sources */ = {isa = PBXBuildFile; fileRef = 16D3AA311B2E475A00934948 /* AddEventPhotoCell.swift */; };
		16D3AA341B2E476E00934948 /* AddEventTitleCell.swift in Sources */ = {isa = PBXBuildFile; fileRef = 16D3AA331B2E476E00934948 /* AddEventTitleCell.swift */; };
		16D3AA361B2E47AD00934948 /* AddEventDateCell.swift in Sources */ = {isa = PBXBuildFile; fileRef = 16D3AA351B2E47AD00934948 /* AddEventDateCell.swift */; };
		16D3AA381B2E47C200934948 /* AddEventDatePickerCell.swift in Sources */ = {isa = PBXBuildFile; fileRef = 16D3AA371B2E47C200934948 /* AddEventDatePickerCell.swift */; };
		16ED51241B4EF751005DB0A9 /* SettingsGeneralViewController.swift in Sources */ = {isa = PBXBuildFile; fileRef = 16ED51231B4EF751005DB0A9 /* SettingsGeneralViewController.swift */; };
		16ED512E1B4F3D0A005DB0A9 /* TransitionScreen.xib in Resources */ = {isa = PBXBuildFile; fileRef = 16ED512D1B4F3D0A005DB0A9 /* TransitionScreen.xib */; };
		16ED51301B4F3D31005DB0A9 /* TransitionScreen.swift in Sources */ = {isa = PBXBuildFile; fileRef = 16ED512F1B4F3D31005DB0A9 /* TransitionScreen.swift */; };
		16ED51321B4F4293005DB0A9 /* TransitionViewController.swift in Sources */ = {isa = PBXBuildFile; fileRef = 16ED51311B4F4293005DB0A9 /* TransitionViewController.swift */; };
		16EF4CDF1B4C4DF600A93A8A /* ParseErrorHandlingController.swift in Sources */ = {isa = PBXBuildFile; fileRef = 16EF4CDE1B4C4DF600A93A8A /* ParseErrorHandlingController.swift */; };
		605FBBBD1B2E571F002E7A75 /* Friend.swift in Sources */ = {isa = PBXBuildFile; fileRef = 605FBBBC1B2E571F002E7A75 /* Friend.swift */; };
		606748D21B37765400B33AAB /* RequestCell.swift in Sources */ = {isa = PBXBuildFile; fileRef = 606748D11B37765400B33AAB /* RequestCell.swift */; };
		606748D41B37864300B33AAB /* InvitationCell.swift in Sources */ = {isa = PBXBuildFile; fileRef = 606748D31B37864300B33AAB /* InvitationCell.swift */; };
		F7946A7BA670F383BAB40980 /* libPods.a in Frameworks */ = {isa = PBXBuildFile; fileRef = 94BE76FA7DC3B5E1419C76CE /* libPods.a */; };
		FE1D2D0D1B348E1F00D4485F /* CoreLocation.framework in Frameworks */ = {isa = PBXBuildFile; fileRef = FE1D2D0C1B348E1F00D4485F /* CoreLocation.framework */; };
		FE1D2D0F1B34B5E000D4485F /* ModelsIndex.swift in Sources */ = {isa = PBXBuildFile; fileRef = FE1D2D0E1B34B5E000D4485F /* ModelsIndex.swift */; };
		FE1D2D111B3645A300D4485F /* AudioToolbox.framework in Frameworks */ = {isa = PBXBuildFile; fileRef = FE1D2D101B3645A300D4485F /* AudioToolbox.framework */; };
		FE1D2D131B36583E00D4485F /* NotificationsViewController.swift in Sources */ = {isa = PBXBuildFile; fileRef = FE1D2D121B36583E00D4485F /* NotificationsViewController.swift */; };
		FE45EE3E1B1FE5DF00F39BF8 /* AppDelegate.swift in Sources */ = {isa = PBXBuildFile; fileRef = FE45EE3D1B1FE5DF00F39BF8 /* AppDelegate.swift */; };
		FE45EE401B1FE5DF00F39BF8 /* LoginViewController.swift in Sources */ = {isa = PBXBuildFile; fileRef = FE45EE3F1B1FE5DF00F39BF8 /* LoginViewController.swift */; };
		FE45EE451B1FE5DF00F39BF8 /* Images.xcassets in Resources */ = {isa = PBXBuildFile; fileRef = FE45EE441B1FE5DF00F39BF8 /* Images.xcassets */; };
		FE45EE481B1FE5DF00F39BF8 /* LaunchScreen.xib in Resources */ = {isa = PBXBuildFile; fileRef = FE45EE461B1FE5DF00F39BF8 /* LaunchScreen.xib */; };
		FE45EE541B1FE5DF00F39BF8 /* PrettoTests.swift in Sources */ = {isa = PBXBuildFile; fileRef = FE45EE531B1FE5DF00F39BF8 /* PrettoTests.swift */; };
		FE45EEA71B23B56300F39BF8 /* Event.swift in Sources */ = {isa = PBXBuildFile; fileRef = FE45EEA61B23B56300F39BF8 /* Event.swift */; };
		FE45EEAB1B23C6CA00F39BF8 /* Request.swift in Sources */ = {isa = PBXBuildFile; fileRef = FE45EEAA1B23C6CA00F39BF8 /* Request.swift */; };
		FE45EEAE1B23CEC900F39BF8 /* Photo.swift in Sources */ = {isa = PBXBuildFile; fileRef = FE45EEAD1B23CEC900F39BF8 /* Photo.swift */; };
		FE45EEB01B2682AF00F39BF8 /* Album.swift in Sources */ = {isa = PBXBuildFile; fileRef = FE45EEAF1B2682AF00F39BF8 /* Album.swift */; };
		FE45EEB51B2DF13F00F39BF8 /* ZoomableCollectionView.swift in Sources */ = {isa = PBXBuildFile; fileRef = FE45EEB41B2DF13F00F39BF8 /* ZoomableCollectionView.swift */; };
		FE45EEC11B2E4DE200F39BF8 /* EventDetailViewController.swift in Sources */ = {isa = PBXBuildFile; fileRef = FE45EEC01B2E4DE200F39BF8 /* EventDetailViewController.swift */; };
		FE45EEC21B2E774600F39BF8 /* Invitation.swift in Sources */ = {isa = PBXBuildFile; fileRef = FE45EEBE1B2E490600F39BF8 /* Invitation.swift */; };
		FE4EA23A1B326E4700AF2990 /* Notification.swift in Sources */ = {isa = PBXBuildFile; fileRef = FE4EA2391B326E4700AF2990 /* Notification.swift */; };
/* End PBXBuildFile section */

/* Begin PBXContainerItemProxy section */
		FE45EE4E1B1FE5DF00F39BF8 /* PBXContainerItemProxy */ = {
			isa = PBXContainerItemProxy;
			containerPortal = FE45EE301B1FE5DF00F39BF8 /* Project object */;
			proxyType = 1;
			remoteGlobalIDString = FE45EE371B1FE5DF00F39BF8;
			remoteInfo = Pretto;
		};
/* End PBXContainerItemProxy section */

/* Begin PBXFileReference section */
		1628DCEE1B2E73D4005E0841 /* CreateEventAddUsersViewController.swift */ = {isa = PBXFileReference; fileEncoding = 4; lastKnownFileType = sourcecode.swift; path = CreateEventAddUsersViewController.swift; sourceTree = "<group>"; };
		1628DCF01B2E7B15005E0841 /* AddUsersAddedUserCell.swift */ = {isa = PBXFileReference; fileEncoding = 4; lastKnownFileType = sourcecode.swift; path = AddUsersAddedUserCell.swift; sourceTree = "<group>"; };
		1628DCF41B30BE89005E0841 /* EventManager.swift */ = {isa = PBXFileReference; fileEncoding = 4; lastKnownFileType = sourcecode.swift; path = EventManager.swift; sourceTree = "<group>"; };
		1628DCFA1B31F86B005E0841 /* CustomLoginViewController.swift */ = {isa = PBXFileReference; fileEncoding = 4; lastKnownFileType = sourcecode.swift; path = CustomLoginViewController.swift; sourceTree = "<group>"; };
		1628DCFC1B31F87E005E0841 /* CustomSignUpViewController.swift */ = {isa = PBXFileReference; fileEncoding = 4; lastKnownFileType = sourcecode.swift; path = CustomSignUpViewController.swift; sourceTree = "<group>"; };
		1628DCFE1B321477005E0841 /* CustomLandingViewController.swift */ = {isa = PBXFileReference; fileEncoding = 4; lastKnownFileType = sourcecode.swift; path = CustomLandingViewController.swift; sourceTree = "<group>"; };
		16354F3F1B2E4F4F003D2A2B /* CreateEventViewController.swift */ = {isa = PBXFileReference; fileEncoding = 4; lastKnownFileType = sourcecode.swift; path = CreateEventViewController.swift; sourceTree = "<group>"; };
		16354F421B2E6613003D2A2B /* Base */ = {isa = PBXFileReference; lastKnownFileType = file.storyboard; name = Base; path = Base.lproj/Main.storyboard; sourceTree = "<group>"; };
		163692061B38D9FB006606A2 /* ExploreViewController.swift */ = {isa = PBXFileReference; fileEncoding = 4; lastKnownFileType = sourcecode.swift; path = ExploreViewController.swift; sourceTree = "<group>"; };
		163692081B39DDBA006606A2 /* SinglePhotoViewController.swift */ = {isa = PBXFileReference; fileEncoding = 4; lastKnownFileType = sourcecode.swift; path = SinglePhotoViewController.swift; sourceTree = "<group>"; };
		1636920A1B3A6772006606A2 /* Utils.swift */ = {isa = PBXFileReference; fileEncoding = 4; lastKnownFileType = sourcecode.swift; path = Utils.swift; sourceTree = "<group>"; };
		1636920C1B3A913B006606A2 /* FutureEventCell.swift */ = {isa = PBXFileReference; fileEncoding = 4; lastKnownFileType = sourcecode.swift; path = FutureEventCell.swift; sourceTree = "<group>"; };
		1649D9DF1B3865CC00EEA0DD /* FirstIntroView.xib */ = {isa = PBXFileReference; fileEncoding = 4; lastKnownFileType = file.xib; path = FirstIntroView.xib; sourceTree = "<group>"; };
		1649D9E11B38661C00EEA0DD /* FirstIntroView.swift */ = {isa = PBXFileReference; fileEncoding = 4; lastKnownFileType = sourcecode.swift; path = FirstIntroView.swift; sourceTree = "<group>"; };
		1649D9E31B386D9B00EEA0DD /* SecondIntroView.swift */ = {isa = PBXFileReference; fileEncoding = 4; lastKnownFileType = sourcecode.swift; path = SecondIntroView.swift; sourceTree = "<group>"; };
		1649D9E51B386DB000EEA0DD /* ThirdIntroView.swift */ = {isa = PBXFileReference; fileEncoding = 4; lastKnownFileType = sourcecode.swift; path = ThirdIntroView.swift; sourceTree = "<group>"; };
		1649D9E71B386DC300EEA0DD /* SecondIntroView.xib */ = {isa = PBXFileReference; fileEncoding = 4; lastKnownFileType = file.xib; path = SecondIntroView.xib; sourceTree = "<group>"; };
		1649D9E91B386DCE00EEA0DD /* ThirdIntroView.xib */ = {isa = PBXFileReference; fileEncoding = 4; lastKnownFileType = file.xib; path = ThirdIntroView.xib; sourceTree = "<group>"; };
		16689F0C1B517E000052AE84 /* SettingsGeneralCell.swift */ = {isa = PBXFileReference; fileEncoding = 4; lastKnownFileType = sourcecode.swift; path = SettingsGeneralCell.swift; sourceTree = "<group>"; };
		16689F0E1B5183A90052AE84 /* SettingsLogOutCell.swift */ = {isa = PBXFileReference; fileEncoding = 4; lastKnownFileType = sourcecode.swift; path = SettingsLogOutCell.swift; sourceTree = "<group>"; };
		168355791B34DED400264F6B /* PushManager.swift */ = {isa = PBXFileReference; fileEncoding = 4; lastKnownFileType = sourcecode.swift; path = PushManager.swift; sourceTree = "<group>"; };
		1683557B1B35EEC000264F6B /* NoAlbumsCell.swift */ = {isa = PBXFileReference; fileEncoding = 4; lastKnownFileType = sourcecode.swift; path = NoAlbumsCell.swift; sourceTree = "<group>"; };
		1683557D1B35F56A00264F6B /* NoAlbumsCell.xib */ = {isa = PBXFileReference; fileEncoding = 4; lastKnownFileType = file.xib; path = NoAlbumsCell.xib; sourceTree = "<group>"; };
		1684BBF91B334F4500CBCDC1 /* AlbumGeneralViewCell.swift */ = {isa = PBXFileReference; fileEncoding = 4; lastKnownFileType = sourcecode.swift; path = AlbumGeneralViewCell.swift; sourceTree = "<group>"; };
		1684BBFB1B3351CC00CBCDC1 /* AlbumGeneralViewController.swift */ = {isa = PBXFileReference; fileEncoding = 4; lastKnownFileType = sourcecode.swift; path = AlbumGeneralViewController.swift; sourceTree = "<group>"; };
		1684BBFE1B3391F400CBCDC1 /* Appearance.swift */ = {isa = PBXFileReference; fileEncoding = 4; lastKnownFileType = sourcecode.swift; path = Appearance.swift; sourceTree = "<group>"; };
		1684BC001B33B88D00CBCDC1 /* IntroViewController.swift */ = {isa = PBXFileReference; fileEncoding = 4; lastKnownFileType = sourcecode.swift; path = IntroViewController.swift; sourceTree = "<group>"; };
		169C9A031B4B0A8A00F3CBC4 /* AddEventPrivacyCell.swift */ = {isa = PBXFileReference; fileEncoding = 4; lastKnownFileType = sourcecode.swift; path = AddEventPrivacyCell.swift; sourceTree = "<group>"; };
		169C9A051B4B0AB100F3CBC4 /* AddEventLocationCell.swift */ = {isa = PBXFileReference; fileEncoding = 4; lastKnownFileType = sourcecode.swift; path = AddEventLocationCell.swift; sourceTree = "<group>"; };
		169C9A071B4B103700F3CBC4 /* CreateEventAddLocationViewController.swift */ = {isa = PBXFileReference; fileEncoding = 4; lastKnownFileType = sourcecode.swift; path = CreateEventAddLocationViewController.swift; sourceTree = "<group>"; };
		16B286A61B371EAE00F540AF /* EventCreatedView.xib */ = {isa = PBXFileReference; fileEncoding = 4; lastKnownFileType = file.xib; path = EventCreatedView.xib; sourceTree = "<group>"; };
		16B286A81B371F2900F540AF /* EventCreatedView.swift */ = {isa = PBXFileReference; fileEncoding = 4; lastKnownFileType = sourcecode.swift; path = EventCreatedView.swift; sourceTree = "<group>"; };
		16D3AA311B2E475A00934948 /* AddEventPhotoCell.swift */ = {isa = PBXFileReference; fileEncoding = 4; lastKnownFileType = sourcecode.swift; path = AddEventPhotoCell.swift; sourceTree = "<group>"; };
		16D3AA331B2E476E00934948 /* AddEventTitleCell.swift */ = {isa = PBXFileReference; fileEncoding = 4; lastKnownFileType = sourcecode.swift; path = AddEventTitleCell.swift; sourceTree = "<group>"; };
		16D3AA351B2E47AD00934948 /* AddEventDateCell.swift */ = {isa = PBXFileReference; fileEncoding = 4; lastKnownFileType = sourcecode.swift; path = AddEventDateCell.swift; sourceTree = "<group>"; };
		16D3AA371B2E47C200934948 /* AddEventDatePickerCell.swift */ = {isa = PBXFileReference; fileEncoding = 4; lastKnownFileType = sourcecode.swift; path = AddEventDatePickerCell.swift; sourceTree = "<group>"; };
		16ED51231B4EF751005DB0A9 /* SettingsGeneralViewController.swift */ = {isa = PBXFileReference; fileEncoding = 4; lastKnownFileType = sourcecode.swift; path = SettingsGeneralViewController.swift; sourceTree = "<group>"; };
		16ED512D1B4F3D0A005DB0A9 /* TransitionScreen.xib */ = {isa = PBXFileReference; fileEncoding = 4; lastKnownFileType = file.xib; path = TransitionScreen.xib; sourceTree = "<group>"; };
		16ED512F1B4F3D31005DB0A9 /* TransitionScreen.swift */ = {isa = PBXFileReference; fileEncoding = 4; lastKnownFileType = sourcecode.swift; path = TransitionScreen.swift; sourceTree = "<group>"; };
		16ED51311B4F4293005DB0A9 /* TransitionViewController.swift */ = {isa = PBXFileReference; fileEncoding = 4; lastKnownFileType = sourcecode.swift; path = TransitionViewController.swift; sourceTree = "<group>"; };
		16EF4CDE1B4C4DF600A93A8A /* ParseErrorHandlingController.swift */ = {isa = PBXFileReference; fileEncoding = 4; lastKnownFileType = sourcecode.swift; path = ParseErrorHandlingController.swift; sourceTree = "<group>"; };
		605FBBBA1B2E4BD7002E7A75 /* User.swift */ = {isa = PBXFileReference; fileEncoding = 4; lastKnownFileType = sourcecode.swift; path = User.swift; sourceTree = "<group>"; };
		605FBBBC1B2E571F002E7A75 /* Friend.swift */ = {isa = PBXFileReference; fileEncoding = 4; lastKnownFileType = sourcecode.swift; path = Friend.swift; sourceTree = "<group>"; };
		606748D11B37765400B33AAB /* RequestCell.swift */ = {isa = PBXFileReference; fileEncoding = 4; lastKnownFileType = sourcecode.swift; path = RequestCell.swift; sourceTree = "<group>"; };
		606748D31B37864300B33AAB /* InvitationCell.swift */ = {isa = PBXFileReference; fileEncoding = 4; lastKnownFileType = sourcecode.swift; path = InvitationCell.swift; sourceTree = "<group>"; };
		6680AB9C507B239DAD236C85 /* Pods.release.xcconfig */ = {isa = PBXFileReference; includeInIndex = 1; lastKnownFileType = text.xcconfig; name = Pods.release.xcconfig; path = "Pods/Target Support Files/Pods/Pods.release.xcconfig"; sourceTree = "<group>"; };
		94BE76FA7DC3B5E1419C76CE /* libPods.a */ = {isa = PBXFileReference; explicitFileType = archive.ar; includeInIndex = 0; path = libPods.a; sourceTree = BUILT_PRODUCTS_DIR; };
		CC282821306927B51E4EE715 /* Pods.debug.xcconfig */ = {isa = PBXFileReference; includeInIndex = 1; lastKnownFileType = text.xcconfig; name = Pods.debug.xcconfig; path = "Pods/Target Support Files/Pods/Pods.debug.xcconfig"; sourceTree = "<group>"; };
		FE1D2D0C1B348E1F00D4485F /* CoreLocation.framework */ = {isa = PBXFileReference; lastKnownFileType = wrapper.framework; name = CoreLocation.framework; path = System/Library/Frameworks/CoreLocation.framework; sourceTree = SDKROOT; };
		FE1D2D0E1B34B5E000D4485F /* ModelsIndex.swift */ = {isa = PBXFileReference; fileEncoding = 4; lastKnownFileType = sourcecode.swift; path = ModelsIndex.swift; sourceTree = "<group>"; };
		FE1D2D101B3645A300D4485F /* AudioToolbox.framework */ = {isa = PBXFileReference; lastKnownFileType = wrapper.framework; name = AudioToolbox.framework; path = System/Library/Frameworks/AudioToolbox.framework; sourceTree = SDKROOT; };
		FE1D2D121B36583E00D4485F /* NotificationsViewController.swift */ = {isa = PBXFileReference; fileEncoding = 4; lastKnownFileType = sourcecode.swift; path = NotificationsViewController.swift; sourceTree = "<group>"; };
		FE45EE381B1FE5DF00F39BF8 /* Pretto.app */ = {isa = PBXFileReference; explicitFileType = wrapper.application; includeInIndex = 0; path = Pretto.app; sourceTree = BUILT_PRODUCTS_DIR; };
		FE45EE3C1B1FE5DF00F39BF8 /* Info.plist */ = {isa = PBXFileReference; lastKnownFileType = text.plist.xml; path = Info.plist; sourceTree = "<group>"; };
		FE45EE3D1B1FE5DF00F39BF8 /* AppDelegate.swift */ = {isa = PBXFileReference; lastKnownFileType = sourcecode.swift; path = AppDelegate.swift; sourceTree = "<group>"; };
		FE45EE3F1B1FE5DF00F39BF8 /* LoginViewController.swift */ = {isa = PBXFileReference; lastKnownFileType = sourcecode.swift; path = LoginViewController.swift; sourceTree = "<group>"; };
		FE45EE441B1FE5DF00F39BF8 /* Images.xcassets */ = {isa = PBXFileReference; lastKnownFileType = folder.assetcatalog; path = Images.xcassets; sourceTree = "<group>"; };
		FE45EE471B1FE5DF00F39BF8 /* Base */ = {isa = PBXFileReference; lastKnownFileType = file.xib; name = Base; path = Base.lproj/LaunchScreen.xib; sourceTree = "<group>"; };
		FE45EE4D1B1FE5DF00F39BF8 /* PrettoTests.xctest */ = {isa = PBXFileReference; explicitFileType = wrapper.cfbundle; includeInIndex = 0; path = PrettoTests.xctest; sourceTree = BUILT_PRODUCTS_DIR; };
		FE45EE521B1FE5DF00F39BF8 /* Info.plist */ = {isa = PBXFileReference; lastKnownFileType = text.plist.xml; path = Info.plist; sourceTree = "<group>"; };
		FE45EE531B1FE5DF00F39BF8 /* PrettoTests.swift */ = {isa = PBXFileReference; lastKnownFileType = sourcecode.swift; path = PrettoTests.swift; sourceTree = "<group>"; };
		FE45EE5D1B1FE6FE00F39BF8 /* Pretto-Bridging-Header.h */ = {isa = PBXFileReference; lastKnownFileType = sourcecode.c.h; path = "Pretto-Bridging-Header.h"; sourceTree = "<group>"; };
		FE45EEA61B23B56300F39BF8 /* Event.swift */ = {isa = PBXFileReference; fileEncoding = 4; lastKnownFileType = sourcecode.swift; path = Event.swift; sourceTree = "<group>"; };
		FE45EEAA1B23C6CA00F39BF8 /* Request.swift */ = {isa = PBXFileReference; fileEncoding = 4; lastKnownFileType = sourcecode.swift; path = Request.swift; sourceTree = "<group>"; };
		FE45EEAD1B23CEC900F39BF8 /* Photo.swift */ = {isa = PBXFileReference; fileEncoding = 4; lastKnownFileType = sourcecode.swift; path = Photo.swift; sourceTree = "<group>"; };
		FE45EEAF1B2682AF00F39BF8 /* Album.swift */ = {isa = PBXFileReference; fileEncoding = 4; lastKnownFileType = sourcecode.swift; path = Album.swift; sourceTree = "<group>"; };
		FE45EEB41B2DF13F00F39BF8 /* ZoomableCollectionView.swift */ = {isa = PBXFileReference; fileEncoding = 4; lastKnownFileType = sourcecode.swift; path = ZoomableCollectionView.swift; sourceTree = "<group>"; };
		FE45EEBE1B2E490600F39BF8 /* Invitation.swift */ = {isa = PBXFileReference; fileEncoding = 4; lastKnownFileType = sourcecode.swift; path = Invitation.swift; sourceTree = "<group>"; };
		FE45EEC01B2E4DE200F39BF8 /* EventDetailViewController.swift */ = {isa = PBXFileReference; fileEncoding = 4; lastKnownFileType = sourcecode.swift; path = EventDetailViewController.swift; sourceTree = "<group>"; };
		FE4EA2391B326E4700AF2990 /* Notification.swift */ = {isa = PBXFileReference; fileEncoding = 4; lastKnownFileType = sourcecode.swift; path = Notification.swift; sourceTree = "<group>"; };
/* End PBXFileReference section */

/* Begin PBXFrameworksBuildPhase section */
		FE45EE351B1FE5DF00F39BF8 /* Frameworks */ = {
			isa = PBXFrameworksBuildPhase;
			buildActionMask = 2147483647;
			files = (
				FE1D2D111B3645A300D4485F /* AudioToolbox.framework in Frameworks */,
				FE1D2D0D1B348E1F00D4485F /* CoreLocation.framework in Frameworks */,
				F7946A7BA670F383BAB40980 /* libPods.a in Frameworks */,
			);
			runOnlyForDeploymentPostprocessing = 0;
		};
		FE45EE4A1B1FE5DF00F39BF8 /* Frameworks */ = {
			isa = PBXFrameworksBuildPhase;
			buildActionMask = 2147483647;
			files = (
			);
			runOnlyForDeploymentPostprocessing = 0;
		};
/* End PBXFrameworksBuildPhase section */

/* Begin PBXGroup section */
		1628DCF21B30B946005E0841 /* ViewControllers */ = {
			isa = PBXGroup;
			children = (
				16ED51261B4EF7D8005DB0A9 /* Intro */,
				16ED512C1B4EF85B005DB0A9 /* Explore */,
				16ED51271B4EF7DF005DB0A9 /* Events */,
				16ED51291B4EF7F1005DB0A9 /* Notifications */,
				16ED512A1B4EF7FD005DB0A9 /* Settings */,
			);
			name = ViewControllers;
			sourceTree = "<group>";
		};
		1628DCF31B30BE63005E0841 /* EventManager */ = {
			isa = PBXGroup;
			children = (
				1628DCF41B30BE89005E0841 /* EventManager.swift */,
				168355791B34DED400264F6B /* PushManager.swift */,
			);
			name = EventManager;
			sourceTree = "<group>";
		};
		1649D9D01B37AAEF00EEA0DD /* Intro */ = {
			isa = PBXGroup;
			children = (
				1649D9DF1B3865CC00EEA0DD /* FirstIntroView.xib */,
				1649D9E71B386DC300EEA0DD /* SecondIntroView.xib */,
				1649D9E91B386DCE00EEA0DD /* ThirdIntroView.xib */,
				1649D9E11B38661C00EEA0DD /* FirstIntroView.swift */,
				1649D9E31B386D9B00EEA0DD /* SecondIntroView.swift */,
				1649D9E51B386DB000EEA0DD /* ThirdIntroView.swift */,
				16ED512D1B4F3D0A005DB0A9 /* TransitionScreen.xib */,
				16ED512F1B4F3D31005DB0A9 /* TransitionScreen.swift */,
				16ED51311B4F4293005DB0A9 /* TransitionViewController.swift */,
			);
			name = Intro;
			sourceTree = "<group>";
		};
		1684BBF81B334F1D00CBCDC1 /* Events */ = {
			isa = PBXGroup;
			children = (
				16D3AA301B2E46B600934948 /* CreateEvent */,
				FE45EEB41B2DF13F00F39BF8 /* ZoomableCollectionView.swift */,
				1684BBF91B334F4500CBCDC1 /* AlbumGeneralViewCell.swift */,
				1636920C1B3A913B006606A2 /* FutureEventCell.swift */,
				1683557B1B35EEC000264F6B /* NoAlbumsCell.swift */,
				1683557D1B35F56A00264F6B /* NoAlbumsCell.xib */,
			);
			name = Events;
			sourceTree = "<group>";
		};
		1684BBFD1B3391D000CBCDC1 /* Appearance */ = {
			isa = PBXGroup;
			children = (
				1684BBFE1B3391F400CBCDC1 /* Appearance.swift */,
			);
			name = Appearance;
			sourceTree = "<group>";
		};
		16D3AA301B2E46B600934948 /* CreateEvent */ = {
			isa = PBXGroup;
			children = (
				16D3AA311B2E475A00934948 /* AddEventPhotoCell.swift */,
				16D3AA331B2E476E00934948 /* AddEventTitleCell.swift */,
				16D3AA351B2E47AD00934948 /* AddEventDateCell.swift */,
				16D3AA371B2E47C200934948 /* AddEventDatePickerCell.swift */,
				1628DCF01B2E7B15005E0841 /* AddUsersAddedUserCell.swift */,
				169C9A031B4B0A8A00F3CBC4 /* AddEventPrivacyCell.swift */,
				169C9A051B4B0AB100F3CBC4 /* AddEventLocationCell.swift */,
				16B286A81B371F2900F540AF /* EventCreatedView.swift */,
				16B286A61B371EAE00F540AF /* EventCreatedView.xib */,
			);
			name = CreateEvent;
			sourceTree = "<group>";
		};
		16ED51251B4EF7A7005DB0A9 /* Settings */ = {
			isa = PBXGroup;
			children = (
				16689F0C1B517E000052AE84 /* SettingsGeneralCell.swift */,
				16689F0E1B5183A90052AE84 /* SettingsLogOutCell.swift */,
			);
			name = Settings;
			sourceTree = "<group>";
		};
		16ED51261B4EF7D8005DB0A9 /* Intro */ = {
			isa = PBXGroup;
			children = (
				1684BC001B33B88D00CBCDC1 /* IntroViewController.swift */,
				FE45EE3F1B1FE5DF00F39BF8 /* LoginViewController.swift */,
				1628DCFA1B31F86B005E0841 /* CustomLoginViewController.swift */,
				1628DCFE1B321477005E0841 /* CustomLandingViewController.swift */,
				1628DCFC1B31F87E005E0841 /* CustomSignUpViewController.swift */,
			);
			name = Intro;
			sourceTree = "<group>";
		};
		16ED51271B4EF7DF005DB0A9 /* Events */ = {
			isa = PBXGroup;
			children = (
				16ED51281B4EF7E9005DB0A9 /* CreateEvent */,
				FE45EEC01B2E4DE200F39BF8 /* EventDetailViewController.swift */,
				163692081B39DDBA006606A2 /* SinglePhotoViewController.swift */,
				1684BBFB1B3351CC00CBCDC1 /* AlbumGeneralViewController.swift */,
			);
			name = Events;
			sourceTree = "<group>";
		};
		16ED51281B4EF7E9005DB0A9 /* CreateEvent */ = {
			isa = PBXGroup;
			children = (
				16354F3F1B2E4F4F003D2A2B /* CreateEventViewController.swift */,
				169C9A071B4B103700F3CBC4 /* CreateEventAddLocationViewController.swift */,
				1628DCEE1B2E73D4005E0841 /* CreateEventAddUsersViewController.swift */,
			);
			name = CreateEvent;
			sourceTree = "<group>";
		};
		16ED51291B4EF7F1005DB0A9 /* Notifications */ = {
			isa = PBXGroup;
			children = (
				FE1D2D121B36583E00D4485F /* NotificationsViewController.swift */,
			);
			name = Notifications;
			sourceTree = "<group>";
		};
		16ED512A1B4EF7FD005DB0A9 /* Settings */ = {
			isa = PBXGroup;
			children = (
				16ED51231B4EF751005DB0A9 /* SettingsGeneralViewController.swift */,
			);
			name = Settings;
			sourceTree = "<group>";
		};
		16ED512B1B4EF851005DB0A9 /* Explore */ = {
			isa = PBXGroup;
			children = (
			);
			name = Explore;
			sourceTree = "<group>";
		};
		16ED512C1B4EF85B005DB0A9 /* Explore */ = {
			isa = PBXGroup;
			children = (
				163692061B38D9FB006606A2 /* ExploreViewController.swift */,
			);
			name = Explore;
			sourceTree = "<group>";
		};
		35D30FEEDFCFBC4EE1C87B8C /* Frameworks */ = {
			isa = PBXGroup;
			children = (
				FE1D2D101B3645A300D4485F /* AudioToolbox.framework */,
				FE1D2D0C1B348E1F00D4485F /* CoreLocation.framework */,
				94BE76FA7DC3B5E1419C76CE /* libPods.a */,
			);
			name = Frameworks;
			sourceTree = "<group>";
		};
		606748D01B37762200B33AAB /* Notifications */ = {
			isa = PBXGroup;
			children = (
				606748D11B37765400B33AAB /* RequestCell.swift */,
				606748D31B37864300B33AAB /* InvitationCell.swift */,
			);
			name = Notifications;
			sourceTree = "<group>";
		};
		7BBF68BC4B2FB862CB519969 /* Pods */ = {
			isa = PBXGroup;
			children = (
				CC282821306927B51E4EE715 /* Pods.debug.xcconfig */,
				6680AB9C507B239DAD236C85 /* Pods.release.xcconfig */,
			);
			name = Pods;
			sourceTree = "<group>";
		};
		FE45EE2F1B1FE5DF00F39BF8 = {
			isa = PBXGroup;
			children = (
				FE45EE3A1B1FE5DF00F39BF8 /* Pretto */,
				FE45EE501B1FE5DF00F39BF8 /* PrettoTests */,
				FE45EE391B1FE5DF00F39BF8 /* Products */,
				7BBF68BC4B2FB862CB519969 /* Pods */,
				35D30FEEDFCFBC4EE1C87B8C /* Frameworks */,
			);
			sourceTree = "<group>";
		};
		FE45EE391B1FE5DF00F39BF8 /* Products */ = {
			isa = PBXGroup;
			children = (
				FE45EE381B1FE5DF00F39BF8 /* Pretto.app */,
				FE45EE4D1B1FE5DF00F39BF8 /* PrettoTests.xctest */,
			);
			name = Products;
			sourceTree = "<group>";
		};
		FE45EE3A1B1FE5DF00F39BF8 /* Pretto */ = {
			isa = PBXGroup;
			children = (
				16EF4CDE1B4C4DF600A93A8A /* ParseErrorHandlingController.swift */,
				1636920A1B3A6772006606A2 /* Utils.swift */,
				1684BBFD1B3391D000CBCDC1 /* Appearance */,
				1628DCF31B30BE63005E0841 /* EventManager */,
				FE45EE9B1B23A52D00F39BF8 /* Data Models */,
				FE45EEB31B2DEF0300F39BF8 /* Views */,
				1628DCF21B30B946005E0841 /* ViewControllers */,
				FE45EE3D1B1FE5DF00F39BF8 /* AppDelegate.swift */,
				16354F411B2E6613003D2A2B /* Main.storyboard */,
				FE45EE441B1FE5DF00F39BF8 /* Images.xcassets */,
				FE45EE461B1FE5DF00F39BF8 /* LaunchScreen.xib */,
				FE45EE3B1B1FE5DF00F39BF8 /* Supporting Files */,
				FE45EE5D1B1FE6FE00F39BF8 /* Pretto-Bridging-Header.h */,
			);
			path = Pretto;
			sourceTree = "<group>";
		};
		FE45EE3B1B1FE5DF00F39BF8 /* Supporting Files */ = {
			isa = PBXGroup;
			children = (
				FE45EE3C1B1FE5DF00F39BF8 /* Info.plist */,
			);
			name = "Supporting Files";
			sourceTree = "<group>";
		};
		FE45EE501B1FE5DF00F39BF8 /* PrettoTests */ = {
			isa = PBXGroup;
			children = (
				FE45EE531B1FE5DF00F39BF8 /* PrettoTests.swift */,
				FE45EE511B1FE5DF00F39BF8 /* Supporting Files */,
			);
			path = PrettoTests;
			sourceTree = "<group>";
		};
		FE45EE511B1FE5DF00F39BF8 /* Supporting Files */ = {
			isa = PBXGroup;
			children = (
				FE45EE521B1FE5DF00F39BF8 /* Info.plist */,
			);
			name = "Supporting Files";
			sourceTree = "<group>";
		};
		FE45EE9B1B23A52D00F39BF8 /* Data Models */ = {
			isa = PBXGroup;
			children = (
				605FBBBA1B2E4BD7002E7A75 /* User.swift */,
				605FBBBC1B2E571F002E7A75 /* Friend.swift */,
				FE45EEA61B23B56300F39BF8 /* Event.swift */,
				FE45EEAF1B2682AF00F39BF8 /* Album.swift */,
				FE45EEBE1B2E490600F39BF8 /* Invitation.swift */,
				FE45EEAD1B23CEC900F39BF8 /* Photo.swift */,
				FE45EEAA1B23C6CA00F39BF8 /* Request.swift */,
				FE4EA2391B326E4700AF2990 /* Notification.swift */,
				FE1D2D0E1B34B5E000D4485F /* ModelsIndex.swift */,
			);
			name = "Data Models";
			sourceTree = "<group>";
		};
		FE45EEB31B2DEF0300F39BF8 /* Views */ = {
			isa = PBXGroup;
			children = (
				1649D9D01B37AAEF00EEA0DD /* Intro */,
				16ED512B1B4EF851005DB0A9 /* Explore */,
				1684BBF81B334F1D00CBCDC1 /* Events */,
				606748D01B37762200B33AAB /* Notifications */,
				16ED51251B4EF7A7005DB0A9 /* Settings */,
			);
			name = Views;
			sourceTree = "<group>";
		};
/* End PBXGroup section */

/* Begin PBXNativeTarget section */
		FE45EE371B1FE5DF00F39BF8 /* Pretto */ = {
			isa = PBXNativeTarget;
			buildConfigurationList = FE45EE571B1FE5DF00F39BF8 /* Build configuration list for PBXNativeTarget "Pretto" */;
			buildPhases = (
				A3C36375A7DE1E51A0D2FC12 /* Check Pods Manifest.lock */,
				FE45EE341B1FE5DF00F39BF8 /* Sources */,
				FE45EE351B1FE5DF00F39BF8 /* Frameworks */,
				FE45EE361B1FE5DF00F39BF8 /* Resources */,
				FBF9FB4C1DD899043FD5687C /* Copy Pods Resources */,
			);
			buildRules = (
			);
			dependencies = (
			);
			name = Pretto;
			productName = Pretto;
			productReference = FE45EE381B1FE5DF00F39BF8 /* Pretto.app */;
			productType = "com.apple.product-type.application";
		};
		FE45EE4C1B1FE5DF00F39BF8 /* PrettoTests */ = {
			isa = PBXNativeTarget;
			buildConfigurationList = FE45EE5A1B1FE5DF00F39BF8 /* Build configuration list for PBXNativeTarget "PrettoTests" */;
			buildPhases = (
				FE45EE491B1FE5DF00F39BF8 /* Sources */,
				FE45EE4A1B1FE5DF00F39BF8 /* Frameworks */,
				FE45EE4B1B1FE5DF00F39BF8 /* Resources */,
			);
			buildRules = (
			);
			dependencies = (
				FE45EE4F1B1FE5DF00F39BF8 /* PBXTargetDependency */,
			);
			name = PrettoTests;
			productName = PrettoTests;
			productReference = FE45EE4D1B1FE5DF00F39BF8 /* PrettoTests.xctest */;
			productType = "com.apple.product-type.bundle.unit-test";
		};
/* End PBXNativeTarget section */

/* Begin PBXProject section */
		FE45EE301B1FE5DF00F39BF8 /* Project object */ = {
			isa = PBXProject;
			attributes = {
				LastUpgradeCheck = 0630;
				ORGANIZATIONNAME = Pretto;
				TargetAttributes = {
					FE45EE371B1FE5DF00F39BF8 = {
						CreatedOnToolsVersion = 6.3.2;
						DevelopmentTeam = R6WE745C5Z;
						SystemCapabilities = {
							com.apple.BackgroundModes = {
								enabled = 1;
							};
						};
					};
					FE45EE4C1B1FE5DF00F39BF8 = {
						CreatedOnToolsVersion = 6.3.2;
						TestTargetID = FE45EE371B1FE5DF00F39BF8;
					};
				};
			};
			buildConfigurationList = FE45EE331B1FE5DF00F39BF8 /* Build configuration list for PBXProject "Pretto" */;
			compatibilityVersion = "Xcode 3.2";
			developmentRegion = English;
			hasScannedForEncodings = 0;
			knownRegions = (
				en,
				Base,
			);
			mainGroup = FE45EE2F1B1FE5DF00F39BF8;
			productRefGroup = FE45EE391B1FE5DF00F39BF8 /* Products */;
			projectDirPath = "";
			projectRoot = "";
			targets = (
				FE45EE371B1FE5DF00F39BF8 /* Pretto */,
				FE45EE4C1B1FE5DF00F39BF8 /* PrettoTests */,
			);
		};
/* End PBXProject section */

/* Begin PBXResourcesBuildPhase section */
		FE45EE361B1FE5DF00F39BF8 /* Resources */ = {
			isa = PBXResourcesBuildPhase;
			buildActionMask = 2147483647;
			files = (
				FE45EE481B1FE5DF00F39BF8 /* LaunchScreen.xib in Resources */,
				1649D9E81B386DC300EEA0DD /* SecondIntroView.xib in Resources */,
				FE45EE451B1FE5DF00F39BF8 /* Images.xcassets in Resources */,
				16ED512E1B4F3D0A005DB0A9 /* TransitionScreen.xib in Resources */,
				1683557E1B35F56A00264F6B /* NoAlbumsCell.xib in Resources */,
				16354F431B2E6613003D2A2B /* Main.storyboard in Resources */,
				1649D9EA1B386DCE00EEA0DD /* ThirdIntroView.xib in Resources */,
				1649D9E01B3865CC00EEA0DD /* FirstIntroView.xib in Resources */,
				16B286A71B371EAE00F540AF /* EventCreatedView.xib in Resources */,
			);
			runOnlyForDeploymentPostprocessing = 0;
		};
		FE45EE4B1B1FE5DF00F39BF8 /* Resources */ = {
			isa = PBXResourcesBuildPhase;
			buildActionMask = 2147483647;
			files = (
			);
			runOnlyForDeploymentPostprocessing = 0;
		};
/* End PBXResourcesBuildPhase section */

/* Begin PBXShellScriptBuildPhase section */
		A3C36375A7DE1E51A0D2FC12 /* Check Pods Manifest.lock */ = {
			isa = PBXShellScriptBuildPhase;
			buildActionMask = 2147483647;
			files = (
			);
			inputPaths = (
			);
			name = "Check Pods Manifest.lock";
			outputPaths = (
			);
			runOnlyForDeploymentPostprocessing = 0;
			shellPath = /bin/sh;
			shellScript = "diff \"${PODS_ROOT}/../Podfile.lock\" \"${PODS_ROOT}/Manifest.lock\" > /dev/null\nif [[ $? != 0 ]] ; then\n    cat << EOM\nerror: The sandbox is not in sync with the Podfile.lock. Run 'pod install' or update your CocoaPods installation.\nEOM\n    exit 1\nfi\n";
			showEnvVarsInLog = 0;
		};
		FBF9FB4C1DD899043FD5687C /* Copy Pods Resources */ = {
			isa = PBXShellScriptBuildPhase;
			buildActionMask = 2147483647;
			files = (
			);
			inputPaths = (
			);
			name = "Copy Pods Resources";
			outputPaths = (
			);
			runOnlyForDeploymentPostprocessing = 0;
			shellPath = /bin/sh;
			shellScript = "\"${SRCROOT}/Pods/Target Support Files/Pods/Pods-resources.sh\"\n";
			showEnvVarsInLog = 0;
		};
/* End PBXShellScriptBuildPhase section */

/* Begin PBXSourcesBuildPhase section */
		FE45EE341B1FE5DF00F39BF8 /* Sources */ = {
			isa = PBXSourcesBuildPhase;
			buildActionMask = 2147483647;
			files = (
				169C9A081B4B103700F3CBC4 /* CreateEventAddLocationViewController.swift in Sources */,
				1628DCF51B30BE89005E0841 /* EventManager.swift in Sources */,
				16689F0F1B5183A90052AE84 /* SettingsLogOutCell.swift in Sources */,
				606748D21B37765400B33AAB /* RequestCell.swift in Sources */,
				1684BBFF1B3391F400CBCDC1 /* Appearance.swift in Sources */,
				16689F0D1B517E000052AE84 /* SettingsGeneralCell.swift in Sources */,
				16D3AA381B2E47C200934948 /* AddEventDatePickerCell.swift in Sources */,
				1628DCEF1B2E73D4005E0841 /* CreateEventAddUsersViewController.swift in Sources */,
				16ED51241B4EF751005DB0A9 /* SettingsGeneralViewController.swift in Sources */,
				FE45EEAE1B23CEC900F39BF8 /* Photo.swift in Sources */,
				16354F401B2E4F4F003D2A2B /* CreateEventViewController.swift in Sources */,
				163692091B39DDBA006606A2 /* SinglePhotoViewController.swift in Sources */,
				16B286A91B371F2900F540AF /* EventCreatedView.swift in Sources */,
				1628DCFB1B31F86B005E0841 /* CustomLoginViewController.swift in Sources */,
				1684BBFC1B3351CC00CBCDC1 /* AlbumGeneralViewController.swift in Sources */,
				FE45EEA71B23B56300F39BF8 /* Event.swift in Sources */,
				1628DCED1B2E6CB7005E0841 /* User.swift in Sources */,
				1683557A1B34DED400264F6B /* PushManager.swift in Sources */,
				16D3AA321B2E475A00934948 /* AddEventPhotoCell.swift in Sources */,
				1636920B1B3A6772006606A2 /* Utils.swift in Sources */,
				163692071B38D9FB006606A2 /* ExploreViewController.swift in Sources */,
				16ED51321B4F4293005DB0A9 /* TransitionViewController.swift in Sources */,
				1683557C1B35EEC000264F6B /* NoAlbumsCell.swift in Sources */,
				605FBBBD1B2E571F002E7A75 /* Friend.swift in Sources */,
				FE45EEC21B2E774600F39BF8 /* Invitation.swift in Sources */,
				FE45EEB51B2DF13F00F39BF8 /* ZoomableCollectionView.swift in Sources */,
				FE1D2D131B36583E00D4485F /* NotificationsViewController.swift in Sources */,
				1649D9E41B386D9B00EEA0DD /* SecondIntroView.swift in Sources */,
				FE45EE401B1FE5DF00F39BF8 /* LoginViewController.swift in Sources */,
				16D3AA341B2E476E00934948 /* AddEventTitleCell.swift in Sources */,
				FE1D2D0F1B34B5E000D4485F /* ModelsIndex.swift in Sources */,
				FE45EEB01B2682AF00F39BF8 /* Album.swift in Sources */,
				FE45EEAB1B23C6CA00F39BF8 /* Request.swift in Sources */,
				16EF4CDF1B4C4DF600A93A8A /* ParseErrorHandlingController.swift in Sources */,
				606748D41B37864300B33AAB /* InvitationCell.swift in Sources */,
				1636920D1B3A913B006606A2 /* FutureEventCell.swift in Sources */,
				1628DCFF1B321477005E0841 /* CustomLandingViewController.swift in Sources */,
				FE45EEC11B2E4DE200F39BF8 /* EventDetailViewController.swift in Sources */,
				1649D9E21B38661C00EEA0DD /* FirstIntroView.swift in Sources */,
				16D3AA361B2E47AD00934948 /* AddEventDateCell.swift in Sources */,
				FE45EE3E1B1FE5DF00F39BF8 /* AppDelegate.swift in Sources */,
				FE4EA23A1B326E4700AF2990 /* Notification.swift in Sources */,
				1684BC011B33B88D00CBCDC1 /* IntroViewController.swift in Sources */,
				1684BBFA1B334F4500CBCDC1 /* AlbumGeneralViewCell.swift in Sources */,
				1649D9E61B386DB000EEA0DD /* ThirdIntroView.swift in Sources */,
				169C9A061B4B0AB100F3CBC4 /* AddEventLocationCell.swift in Sources */,
				16ED51301B4F3D31005DB0A9 /* TransitionScreen.swift in Sources */,
				1628DCFD1B31F87E005E0841 /* CustomSignUpViewController.swift in Sources */,
				1628DCF11B2E7B15005E0841 /* AddUsersAddedUserCell.swift in Sources */,
				169C9A041B4B0A8A00F3CBC4 /* AddEventPrivacyCell.swift in Sources */,
			);
			runOnlyForDeploymentPostprocessing = 0;
		};
		FE45EE491B1FE5DF00F39BF8 /* Sources */ = {
			isa = PBXSourcesBuildPhase;
			buildActionMask = 2147483647;
			files = (
				FE45EE541B1FE5DF00F39BF8 /* PrettoTests.swift in Sources */,
			);
			runOnlyForDeploymentPostprocessing = 0;
		};
/* End PBXSourcesBuildPhase section */

/* Begin PBXTargetDependency section */
		FE45EE4F1B1FE5DF00F39BF8 /* PBXTargetDependency */ = {
			isa = PBXTargetDependency;
			target = FE45EE371B1FE5DF00F39BF8 /* Pretto */;
			targetProxy = FE45EE4E1B1FE5DF00F39BF8 /* PBXContainerItemProxy */;
		};
/* End PBXTargetDependency section */

/* Begin PBXVariantGroup section */
		16354F411B2E6613003D2A2B /* Main.storyboard */ = {
			isa = PBXVariantGroup;
			children = (
				16354F421B2E6613003D2A2B /* Base */,
			);
			name = Main.storyboard;
			sourceTree = "<group>";
		};
		FE45EE461B1FE5DF00F39BF8 /* LaunchScreen.xib */ = {
			isa = PBXVariantGroup;
			children = (
				FE45EE471B1FE5DF00F39BF8 /* Base */,
			);
			name = LaunchScreen.xib;
			sourceTree = "<group>";
		};
/* End PBXVariantGroup section */

/* Begin XCBuildConfiguration section */
		FE45EE551B1FE5DF00F39BF8 /* Debug */ = {
			isa = XCBuildConfiguration;
			buildSettings = {
				ALWAYS_SEARCH_USER_PATHS = NO;
				CLANG_CXX_LANGUAGE_STANDARD = "gnu++0x";
				CLANG_CXX_LIBRARY = "libc++";
				CLANG_ENABLE_MODULES = YES;
				CLANG_ENABLE_OBJC_ARC = YES;
				CLANG_WARN_BOOL_CONVERSION = YES;
				CLANG_WARN_CONSTANT_CONVERSION = YES;
				CLANG_WARN_DIRECT_OBJC_ISA_USAGE = YES_ERROR;
				CLANG_WARN_EMPTY_BODY = YES;
				CLANG_WARN_ENUM_CONVERSION = YES;
				CLANG_WARN_INT_CONVERSION = YES;
				CLANG_WARN_OBJC_ROOT_CLASS = YES_ERROR;
				CLANG_WARN_UNREACHABLE_CODE = YES;
				CLANG_WARN__DUPLICATE_METHOD_MATCH = YES;
				CODE_SIGN_IDENTITY = "iPhone Developer";
				"CODE_SIGN_IDENTITY[sdk=iphoneos*]" = "iPhone Developer";
				COPY_PHASE_STRIP = NO;
				DEBUG_INFORMATION_FORMAT = "dwarf-with-dsym";
				ENABLE_STRICT_OBJC_MSGSEND = YES;
				GCC_C_LANGUAGE_STANDARD = gnu99;
				GCC_DYNAMIC_NO_PIC = NO;
				GCC_NO_COMMON_BLOCKS = YES;
				GCC_OPTIMIZATION_LEVEL = 0;
				GCC_PREPROCESSOR_DEFINITIONS = (
					"DEBUG=1",
					"$(inherited)",
				);
				GCC_SYMBOLS_PRIVATE_EXTERN = NO;
				GCC_WARN_64_TO_32_BIT_CONVERSION = YES;
				GCC_WARN_ABOUT_RETURN_TYPE = YES_ERROR;
				GCC_WARN_UNDECLARED_SELECTOR = YES;
				GCC_WARN_UNINITIALIZED_AUTOS = YES_AGGRESSIVE;
				GCC_WARN_UNUSED_FUNCTION = YES;
				GCC_WARN_UNUSED_VARIABLE = YES;
				IPHONEOS_DEPLOYMENT_TARGET = 8.0;
				MTL_ENABLE_DEBUG_INFO = YES;
				ONLY_ACTIVE_ARCH = YES;
				SDKROOT = iphoneos;
				SWIFT_OPTIMIZATION_LEVEL = "-Onone";
			};
			name = Debug;
		};
		FE45EE561B1FE5DF00F39BF8 /* Release */ = {
			isa = XCBuildConfiguration;
			buildSettings = {
				ALWAYS_SEARCH_USER_PATHS = NO;
				CLANG_CXX_LANGUAGE_STANDARD = "gnu++0x";
				CLANG_CXX_LIBRARY = "libc++";
				CLANG_ENABLE_MODULES = YES;
				CLANG_ENABLE_OBJC_ARC = YES;
				CLANG_WARN_BOOL_CONVERSION = YES;
				CLANG_WARN_CONSTANT_CONVERSION = YES;
				CLANG_WARN_DIRECT_OBJC_ISA_USAGE = YES_ERROR;
				CLANG_WARN_EMPTY_BODY = YES;
				CLANG_WARN_ENUM_CONVERSION = YES;
				CLANG_WARN_INT_CONVERSION = YES;
				CLANG_WARN_OBJC_ROOT_CLASS = YES_ERROR;
				CLANG_WARN_UNREACHABLE_CODE = YES;
				CLANG_WARN__DUPLICATE_METHOD_MATCH = YES;
				CODE_SIGN_IDENTITY = "iPhone Developer";
				"CODE_SIGN_IDENTITY[sdk=iphoneos*]" = "iPhone Developer";
				COPY_PHASE_STRIP = NO;
				DEBUG_INFORMATION_FORMAT = "dwarf-with-dsym";
				ENABLE_NS_ASSERTIONS = NO;
				ENABLE_STRICT_OBJC_MSGSEND = YES;
				GCC_C_LANGUAGE_STANDARD = gnu99;
				GCC_NO_COMMON_BLOCKS = YES;
				GCC_WARN_64_TO_32_BIT_CONVERSION = YES;
				GCC_WARN_ABOUT_RETURN_TYPE = YES_ERROR;
				GCC_WARN_UNDECLARED_SELECTOR = YES;
				GCC_WARN_UNINITIALIZED_AUTOS = YES_AGGRESSIVE;
				GCC_WARN_UNUSED_FUNCTION = YES;
				GCC_WARN_UNUSED_VARIABLE = YES;
				IPHONEOS_DEPLOYMENT_TARGET = 8.0;
				MTL_ENABLE_DEBUG_INFO = NO;
				SDKROOT = iphoneos;
				VALIDATE_PRODUCT = YES;
			};
			name = Release;
		};
		FE45EE581B1FE5DF00F39BF8 /* Debug */ = {
			isa = XCBuildConfiguration;
			baseConfigurationReference = CC282821306927B51E4EE715 /* Pods.debug.xcconfig */;
			buildSettings = {
				ASSETCATALOG_COMPILER_APPICON_NAME = AppIcon;
				CLANG_ENABLE_MODULES = YES;
				CODE_SIGN_IDENTITY = "iPhone Developer";
				"CODE_SIGN_IDENTITY[sdk=iphoneos*]" = "iPhone Developer";
				INFOPLIST_FILE = Pretto/Info.plist;
				IPHONEOS_DEPLOYMENT_TARGET = 8.0;
				LD_RUNPATH_SEARCH_PATHS = "$(inherited) @executable_path/Frameworks";
				PRODUCT_NAME = "$(TARGET_NAME)";
				PROVISIONING_PROFILE = "";
				SWIFT_OBJC_BRIDGING_HEADER = "Pretto/Pretto-Bridging-Header.h";
				SWIFT_OPTIMIZATION_LEVEL = "-Onone";
			};
			name = Debug;
		};
		FE45EE591B1FE5DF00F39BF8 /* Release */ = {
			isa = XCBuildConfiguration;
			baseConfigurationReference = 6680AB9C507B239DAD236C85 /* Pods.release.xcconfig */;
			buildSettings = {
				ASSETCATALOG_COMPILER_APPICON_NAME = AppIcon;
				CLANG_ENABLE_MODULES = YES;
				CODE_SIGN_IDENTITY = "iPhone Developer";
				"CODE_SIGN_IDENTITY[sdk=iphoneos*]" = "iPhone Developer";
				INFOPLIST_FILE = Pretto/Info.plist;
				IPHONEOS_DEPLOYMENT_TARGET = 8.0;
				LD_RUNPATH_SEARCH_PATHS = "$(inherited) @executable_path/Frameworks";
				PRODUCT_NAME = "$(TARGET_NAME)";
				PROVISIONING_PROFILE = "";
				SWIFT_OBJC_BRIDGING_HEADER = "Pretto/Pretto-Bridging-Header.h";
			};
			name = Release;
		};
		FE45EE5B1B1FE5DF00F39BF8 /* Debug */ = {
			isa = XCBuildConfiguration;
			buildSettings = {
				BUNDLE_LOADER = "$(TEST_HOST)";
				FRAMEWORK_SEARCH_PATHS = (
					"$(SDKROOT)/Developer/Library/Frameworks",
					"$(inherited)",
				);
				GCC_PREPROCESSOR_DEFINITIONS = (
					"DEBUG=1",
					"$(inherited)",
				);
				INFOPLIST_FILE = PrettoTests/Info.plist;
				LD_RUNPATH_SEARCH_PATHS = "$(inherited) @executable_path/Frameworks @loader_path/Frameworks";
				PRODUCT_NAME = "$(TARGET_NAME)";
				TEST_HOST = "$(BUILT_PRODUCTS_DIR)/Pretto.app/Pretto";
			};
			name = Debug;
		};
		FE45EE5C1B1FE5DF00F39BF8 /* Release */ = {
			isa = XCBuildConfiguration;
			buildSettings = {
				BUNDLE_LOADER = "$(TEST_HOST)";
				FRAMEWORK_SEARCH_PATHS = (
					"$(SDKROOT)/Developer/Library/Frameworks",
					"$(inherited)",
				);
				INFOPLIST_FILE = PrettoTests/Info.plist;
				LD_RUNPATH_SEARCH_PATHS = "$(inherited) @executable_path/Frameworks @loader_path/Frameworks";
				PRODUCT_NAME = "$(TARGET_NAME)";
				TEST_HOST = "$(BUILT_PRODUCTS_DIR)/Pretto.app/Pretto";
			};
			name = Release;
		};
/* End XCBuildConfiguration section */

/* Begin XCConfigurationList section */
		FE45EE331B1FE5DF00F39BF8 /* Build configuration list for PBXProject "Pretto" */ = {
			isa = XCConfigurationList;
			buildConfigurations = (
				FE45EE551B1FE5DF00F39BF8 /* Debug */,
				FE45EE561B1FE5DF00F39BF8 /* Release */,
			);
			defaultConfigurationIsVisible = 0;
			defaultConfigurationName = Release;
		};
		FE45EE571B1FE5DF00F39BF8 /* Build configuration list for PBXNativeTarget "Pretto" */ = {
			isa = XCConfigurationList;
			buildConfigurations = (
				FE45EE581B1FE5DF00F39BF8 /* Debug */,
				FE45EE591B1FE5DF00F39BF8 /* Release */,
			);
			defaultConfigurationIsVisible = 0;
			defaultConfigurationName = Release;
		};
		FE45EE5A1B1FE5DF00F39BF8 /* Build configuration list for PBXNativeTarget "PrettoTests" */ = {
			isa = XCConfigurationList;
			buildConfigurations = (
				FE45EE5B1B1FE5DF00F39BF8 /* Debug */,
				FE45EE5C1B1FE5DF00F39BF8 /* Release */,
			);
			defaultConfigurationIsVisible = 0;
			defaultConfigurationName = Release;
		};
/* End XCConfigurationList section */
	};
	rootObject = FE45EE301B1FE5DF00F39BF8 /* Project object */;
}
